
Microsoft Visual Studio Solution File, Format Version 10.00
# Visual Studio 2008
Project("{2150E333-8FDC-42A3-9474-1A3956D46DE8}") = "Layers", "Layers", "{74B6D1E5-6BCC-46F9-A5BC-75D0560DD30A}"
EndProject
Project("{2150E333-8FDC-42A3-9474-1A3956D46DE8}") = "Tiers", "Tiers", "{71B3B1A1-90ED-4B60-8C62-DBB23FBB4E60}"
EndProject
Project("{2150E333-8FDC-42A3-9474-1A3956D46DE8}") = "01 - User interface", "01 - User interface", "{B801EA05-484B-4716-AC4A-9EB86EFB4B8B}"
EndProject
Project("{2150E333-8FDC-42A3-9474-1A3956D46DE8}") = "02 - Business", "02 - Business", "{91A9F131-52EB-466F-BDD3-956869651BA9}"
EndProject
Project("{2150E333-8FDC-42A3-9474-1A3956D46DE8}") = "03 - Data access", "03 - Data access", "{E3649C6A-C42D-4BDE-B588-FF4D2FD632E1}"
EndProject
Project("{2150E333-8FDC-42A3-9474-1A3956D46DE8}") = "01 - Frontend", "01 - Frontend", "{3980D761-919F-4142-B27C-61CBE40DE0AD}"
EndProject
Project("{2150E333-8FDC-42A3-9474-1A3956D46DE8}") = "02 - Backend", "02 - Backend", "{6F4CDB0C-3061-4769-B31A-1A6247665EE5}"
EndProject
Project("{2150E333-8FDC-42A3-9474-1A3956D46DE8}") = "01 - Wcf services", "01 - Wcf services", "{B7A8D463-2FBF-47E4-9199-15A11A6A224A}"
EndProject
Project("{2150E333-8FDC-42A3-9474-1A3956D46DE8}") = "1. Presentacion", "1. Presentacion", "{076391F8-C05F-46BD-8B33-D7143C14AB8F}"
EndProject
Project("{2150E333-8FDC-42A3-9474-1A3956D46DE8}") = "Solucion 1", "Solucion 1", "{CFD23677-0F02-48E2-8914-7DBA6931514F}"
EndProject
Project("{2150E333-8FDC-42A3-9474-1A3956D46DE8}") = "Solucion 2", "Solucion 2", "{DE8CA16B-08E1-4460-AD52-9C8F68060B80}"
EndProject
Project("{2150E333-8FDC-42A3-9474-1A3956D46DE8}") = "2. Servicios distribuidos", "2. Servicios distribuidos", "{3DE06847-F754-4C4D-9A79-26A1CC78D5DE}"
EndProject
Project("{2150E333-8FDC-42A3-9474-1A3956D46DE8}") = "3. Logica de negocio", "3. Logica de negocio", "{7E7FBF54-AE01-4223-8DB4-D931069D3292}"
EndProject
Project("{FAE04EC0-301F-11D3-BF4B-00C04F79EFBC}") = "Gn.Ui.Web", "fuentes\Ui.Web\Gn.Ui.Web.csproj", "{81DFD3E4-B325-4290-B83B-4F503D555CE4}"
EndProject
Project("{FAE04EC0-301F-11D3-BF4B-00C04F79EFBC}") = "Bll.Core", "fuentes\Bll.Core\Bll.Core.csproj", "{99F69F1B-E06C-4CA5-B137-D96CB88DCE4F}"
EndProject
Project("{FAE04EC0-301F-11D3-BF4B-00C04F79EFBC}") = "Gn.Backend", "fuentes\Backend\Gn.Backend.csproj", "{C5AF29A4-A311-425B-B735-0594EDA31C42}"
EndProject
Project("{FAE04EC0-301F-11D3-BF4B-00C04F79EFBC}") = "Bll.Tier1", "fuentes\Bll.TierOne\Bll.Tier1.csproj", "{956AE0E3-233B-407A-AC3A-C877569EA43D}"
EndProject
Project("{2150E333-8FDC-42A3-9474-1A3956D46DE8}") = "Solucion 3", "Solucion 3", "{3E66E1B3-2B9F-4E7D-8413-3F98AF904DAD}"
EndProject
Project("{FAE04EC0-301F-11D3-BF4B-00C04F79EFBC}") = "Bll.Tier2", "fuentes\Bll.TierTwo\Bll.Tier2.csproj", "{F4D0B8C4-E89C-4B8B-9AEB-F9633292B09F}"
EndProject
Project("{FAE04EC0-301F-11D3-BF4B-00C04F79EFBC}") = "Gn.Ui.Presentadores", "fuentes\Gn.Ui.Presentadores\Gn.Ui.Presentadores.csproj", "{46170CE6-DF69-49AA-87F7-5603499B1E6E}"
EndProject
Global
	GlobalSection(SolutionConfigurationPlatforms) = preSolution
		Debug|Any CPU = Debug|Any CPU
		Release|Any CPU = Release|Any CPU
	EndGlobalSection
	GlobalSection(ProjectConfigurationPlatforms) = postSolution
		{81DFD3E4-B325-4290-B83B-4F503D555CE4}.Debug|Any CPU.ActiveCfg = Debug|Any CPU
		{81DFD3E4-B325-4290-B83B-4F503D555CE4}.Debug|Any CPU.Build.0 = Debug|Any CPU
		{81DFD3E4-B325-4290-B83B-4F503D555CE4}.Release|Any CPU.ActiveCfg = Release|Any CPU
		{81DFD3E4-B325-4290-B83B-4F503D555CE4}.Release|Any CPU.Build.0 = Release|Any CPU
		{99F69F1B-E06C-4CA5-B137-D96CB88DCE4F}.Debug|Any CPU.ActiveCfg = Debug|Any CPU
		{99F69F1B-E06C-4CA5-B137-D96CB88DCE4F}.Debug|Any CPU.Build.0 = Debug|Any CPU
		{99F69F1B-E06C-4CA5-B137-D96CB88DCE4F}.Release|Any CPU.ActiveCfg = Release|Any CPU
		{99F69F1B-E06C-4CA5-B137-D96CB88DCE4F}.Release|Any CPU.Build.0 = Release|Any CPU
		{C5AF29A4-A311-425B-B735-0594EDA31C42}.Debug|Any CPU.ActiveCfg = Debug|Any CPU
		{C5AF29A4-A311-425B-B735-0594EDA31C42}.Debug|Any CPU.Build.0 = Debug|Any CPU
		{C5AF29A4-A311-425B-B735-0594EDA31C42}.Release|Any CPU.ActiveCfg = Release|Any CPU
		{C5AF29A4-A311-425B-B735-0594EDA31C42}.Release|Any CPU.Build.0 = Release|Any CPU
		{956AE0E3-233B-407A-AC3A-C877569EA43D}.Debug|Any CPU.ActiveCfg = Debug|Any CPU
		{956AE0E3-233B-407A-AC3A-C877569EA43D}.Debug|Any CPU.Build.0 = Debug|Any CPU
		{956AE0E3-233B-407A-AC3A-C877569EA43D}.Release|Any CPU.ActiveCfg = Release|Any CPU
		{956AE0E3-233B-407A-AC3A-C877569EA43D}.Release|Any CPU.Build.0 = Release|Any CPU
		{F4D0B8C4-E89C-4B8B-9AEB-F9633292B09F}.Debug|Any CPU.ActiveCfg = Debug|Any CPU
		{F4D0B8C4-E89C-4B8B-9AEB-F9633292B09F}.Debug|Any CPU.Build.0 = Debug|Any CPU
		{F4D0B8C4-E89C-4B8B-9AEB-F9633292B09F}.Release|Any CPU.ActiveCfg = Release|Any CPU
		{F4D0B8C4-E89C-4B8B-9AEB-F9633292B09F}.Release|Any CPU.Build.0 = Release|Any CPU
		{46170CE6-DF69-49AA-87F7-5603499B1E6E}.Debug|Any CPU.ActiveCfg = Debug|Any CPU
		{46170CE6-DF69-49AA-87F7-5603499B1E6E}.Debug|Any CPU.Build.0 = Debug|Any CPU
		{46170CE6-DF69-49AA-87F7-5603499B1E6E}.Release|Any CPU.ActiveCfg = Release|Any CPU
		{46170CE6-DF69-49AA-87F7-5603499B1E6E}.Release|Any CPU.Build.0 = Release|Any CPU
	EndGlobalSection
	GlobalSection(SolutionProperties) = preSolution
		HideSolutionNode = FALSE
	EndGlobalSection
	GlobalSection(NestedProjects) = preSolution
		{B801EA05-484B-4716-AC4A-9EB86EFB4B8B} = {74B6D1E5-6BCC-46F9-A5BC-75D0560DD30A}
		{91A9F131-52EB-466F-BDD3-956869651BA9} = {74B6D1E5-6BCC-46F9-A5BC-75D0560DD30A}
		{E3649C6A-C42D-4BDE-B588-FF4D2FD632E1} = {74B6D1E5-6BCC-46F9-A5BC-75D0560DD30A}
		{3980D761-919F-4142-B27C-61CBE40DE0AD} = {71B3B1A1-90ED-4B60-8C62-DBB23FBB4E60}
		{6F4CDB0C-3061-4769-B31A-1A6247665EE5} = {71B3B1A1-90ED-4B60-8C62-DBB23FBB4E60}
		{B7A8D463-2FBF-47E4-9199-15A11A6A224A} = {6F4CDB0C-3061-4769-B31A-1A6247665EE5}
		{076391F8-C05F-46BD-8B33-D7143C14AB8F} = {CFD23677-0F02-48E2-8914-7DBA6931514F}
		{3DE06847-F754-4C4D-9A79-26A1CC78D5DE} = {CFD23677-0F02-48E2-8914-7DBA6931514F}
		{7E7FBF54-AE01-4223-8DB4-D931069D3292} = {CFD23677-0F02-48E2-8914-7DBA6931514F}
		{74B6D1E5-6BCC-46F9-A5BC-75D0560DD30A} = {DE8CA16B-08E1-4460-AD52-9C8F68060B80}
		{71B3B1A1-90ED-4B60-8C62-DBB23FBB4E60} = {DE8CA16B-08E1-4460-AD52-9C8F68060B80}
		{99F69F1B-E06C-4CA5-B137-D96CB88DCE4F} = {3E66E1B3-2B9F-4E7D-8413-3F98AF904DAD}
		{C5AF29A4-A311-425B-B735-0594EDA31C42} = {3E66E1B3-2B9F-4E7D-8413-3F98AF904DAD}
		{81DFD3E4-B325-4290-B83B-4F503D555CE4} = {3E66E1B3-2B9F-4E7D-8413-3F98AF904DAD}
		{956AE0E3-233B-407A-AC3A-C877569EA43D} = {3E66E1B3-2B9F-4E7D-8413-3F98AF904DAD}
		{F4D0B8C4-E89C-4B8B-9AEB-F9633292B09F} = {3E66E1B3-2B9F-4E7D-8413-3F98AF904DAD}
		{46170CE6-DF69-49AA-87F7-5603499B1E6E} = {3E66E1B3-2B9F-4E7D-8413-3F98AF904DAD}
	EndGlobalSection
EndGlobal
